// !$*UTF8*$!
{
	archiveVersion = 1;
	classes = {
	};
	objectVersion = 46;
	objects = {

/* Begin PBXBuildFile section */
		4CD8B8351B09EC1700C31508 /* main.m in Sources */ = {isa = PBXBuildFile; fileRef = 4CD8B8341B09EC1700C31508 /* main.m */; };
		4CD8B8381B09EC1700C31508 /* AppDelegate.m in Sources */ = {isa = PBXBuildFile; fileRef = 4CD8B8371B09EC1700C31508 /* AppDelegate.m */; };
		4CD8B83B1B09EC1700C31508 /* Diploma.xcdatamodeld in Sources */ = {isa = PBXBuildFile; fileRef = 4CD8B8391B09EC1700C31508 /* Diploma.xcdatamodeld */; };
		4CD8B83E1B09EC1700C31508 /* ViewController.m in Sources */ = {isa = PBXBuildFile; fileRef = 4CD8B83D1B09EC1700C31508 /* ViewController.m */; };
		4CD8B8411B09EC1700C31508 /* Main.storyboard in Resources */ = {isa = PBXBuildFile; fileRef = 4CD8B83F1B09EC1700C31508 /* Main.storyboard */; };
		4CD8B8431B09EC1700C31508 /* Images.xcassets in Resources */ = {isa = PBXBuildFile; fileRef = 4CD8B8421B09EC1700C31508 /* Images.xcassets */; };
		4CD8B8461B09EC1700C31508 /* LaunchScreen.xib in Resources */ = {isa = PBXBuildFile; fileRef = 4CD8B8441B09EC1700C31508 /* LaunchScreen.xib */; };
		4CD8B8521B09EC1700C31508 /* DiplomaTests.m in Sources */ = {isa = PBXBuildFile; fileRef = 4CD8B8511B09EC1700C31508 /* DiplomaTests.m */; };
/* End PBXBuildFile section */

/* Begin PBXContainerItemProxy section */
		4CD8B84C1B09EC1700C31508 /* PBXContainerItemProxy */ = {
			isa = PBXContainerItemProxy;
			containerPortal = 4CD8B8271B09EC1700C31508 /* Project object */;
			proxyType = 1;
			remoteGlobalIDString = 4CD8B82E1B09EC1700C31508;
			remoteInfo = Diploma;
		};
/* End PBXContainerItemProxy section */

/* Begin PBXFileReference section */
		4CD8B82F1B09EC1700C31508 /* Diploma.app */ = {isa = PBXFileReference; explicitFileType = wrapper.application; includeInIndex = 0; path = Diploma.app; sourceTree = BUILT_PRODUCTS_DIR; };
		4CD8B8331B09EC1700C31508 /* Info.plist */ = {isa = PBXFileReference; lastKnownFileType = text.plist.xml; path = Info.plist; sourceTree = "<group>"; };
		4CD8B8341B09EC1700C31508 /* main.m */ = {isa = PBXFileReference; lastKnownFileType = sourcecode.c.objc; path = main.m; sourceTree = "<group>"; };
		4CD8B8361B09EC1700C31508 /* AppDelegate.h */ = {isa = PBXFileReference; lastKnownFileType = sourcecode.c.h; path = AppDelegate.h; sourceTree = "<group>"; };
		4CD8B8371B09EC1700C31508 /* AppDelegate.m */ = {isa = PBXFileReference; lastKnownFileType = sourcecode.c.objc; path = AppDelegate.m; sourceTree = "<group>"; };
		4CD8B83A1B09EC1700C31508 /* Diploma.xcdatamodel */ = {isa = PBXFileReference; lastKnownFileType = wrapper.xcdatamodel; path = Diploma.xcdatamodel; sourceTree = "<group>"; };
		4CD8B83C1B09EC1700C31508 /* ViewController.h */ = {isa = PBXFileReference; lastKnownFileType = sourcecode.c.h; path = ViewController.h; sourceTree = "<group>"; };
		4CD8B83D1B09EC1700C31508 /* ViewController.m */ = {isa = PBXFileReference; lastKnownFileType = sourcecode.c.objc; path = ViewController.m; sourceTree = "<group>"; };
		4CD8B8401B09EC1700C31508 /* Base */ = {isa = PBXFileReference; lastKnownFileType = file.storyboard; name = Base; path = Base.lproj/Main.storyboard; sourceTree = "<group>"; };
		4CD8B8421B09EC1700C31508 /* Images.xcassets */ = {isa = PBXFileReference; lastKnownFileType = folder.assetcatalog; path = Images.xcassets; sourceTree = "<group>"; };
		4CD8B8451B09EC1700C31508 /* Base */ = {isa = PBXFileReference; lastKnownFileType = file.xib; name = Base; path = Base.lproj/LaunchScreen.xib; sourceTree = "<group>"; };
		4CD8B84B1B09EC1700C31508 /* DiplomaTests.xctest */ = {isa = PBXFileReference; explicitFileType = wrapper.cfbundle; includeInIndex = 0; path = DiplomaTests.xctest; sourceTree = BUILT_PRODUCTS_DIR; };
		4CD8B8501B09EC1700C31508 /* Info.plist */ = {isa = PBXFileReference; lastKnownFileType = text.plist.xml; path = Info.plist; sourceTree = "<group>"; };
		4CD8B8511B09EC1700C31508 /* DiplomaTests.m */ = {isa = PBXFileReference; lastKnownFileType = sourcecode.c.objc; path = DiplomaTests.m; sourceTree = "<group>"; };
/* End PBXFileReference section */

/* Begin PBXFrameworksBuildPhase section */
		4CD8B82C1B09EC1700C31508 /* Frameworks */ = {
			isa = PBXFrameworksBuildPhase;
			buildActionMask = 2147483647;
			files = (
			);
			runOnlyForDeploymentPostprocessing = 0;
		};
		4CD8B8481B09EC1700C31508 /* Frameworks */ = {
			isa = PBXFrameworksBuildPhase;
			buildActionMask = 2147483647;
			files = (
			);
			runOnlyForDeploymentPostprocessing = 0;
		};
/* End PBXFrameworksBuildPhase section */

/* Begin PBXGroup section */
		4CD8B8261B09EC1700C31508 = {
			isa = PBXGroup;
			children = (
				4CD8B8311B09EC1700C31508 /* Diploma */,
				4CD8B84E1B09EC1700C31508 /* DiplomaTests */,
				4CD8B8301B09EC1700C31508 /* Products */,
			);
			sourceTree = "<group>";
		};
		4CD8B8301B09EC1700C31508 /* Products */ = {
			isa = PBXGroup;
			children = (
				4CD8B82F1B09EC1700C31508 /* Diploma.app */,
				4CD8B84B1B09EC1700C31508 /* DiplomaTests.xctest */,
			);
			name = Products;
			sourceTree = "<group>";
		};
		4CD8B8311B09EC1700C31508 /* Diploma */ = {
			isa = PBXGroup;
			children = (
				4CD8B8361B09EC1700C31508 /* AppDelegate.h */,
				4CD8B8371B09EC1700C31508 /* AppDelegate.m */,
				4CD8B83C1B09EC1700C31508 /* ViewController.h */,
				4CD8B83D1B09EC1700C31508 /* ViewController.m */,
				4CD8B83F1B09EC1700C31508 /* Main.storyboard */,
				4CD8B8421B09EC1700C31508 /* Images.xcassets */,
				4CD8B8441B09EC1700C31508 /* LaunchScreen.xib */,
				4CD8B8391B09EC1700C31508 /* Diploma.xcdatamodeld */,
				4CD8B8321B09EC1700C31508 /* Supporting Files */,
			);
			path = Diploma;
			sourceTree = "<group>";
		};
		4CD8B8321B09EC1700C31508 /* Supporting Files */ = {
			isa = PBXGroup;
			children = (
				4CD8B8331B09EC1700C31508 /* Info.plist */,
				4CD8B8341B09EC1700C31508 /* main.m */,
			);
			name = "Supporting Files";
			sourceTree = "<group>";
		};
		4CD8B84E1B09EC1700C31508 /* DiplomaTests */ = {
			isa = PBXGroup;
			children = (
				4CD8B8511B09EC1700C31508 /* DiplomaTests.m */,
				4CD8B84F1B09EC1700C31508 /* Supporting Files */,
			);
			path = DiplomaTests;
			sourceTree = "<group>";
		};
		4CD8B84F1B09EC1700C31508 /* Supporting Files */ = {
			isa = PBXGroup;
			children = (
				4CD8B8501B09EC1700C31508 /* Info.plist */,
			);
			name = "Supporting Files";
			sourceTree = "<group>";
		};
/* End PBXGroup section */

/* Begin PBXNativeTarget section */
		4CD8B82E1B09EC1700C31508 /* Diploma */ = {
			isa = PBXNativeTarget;
			buildConfigurationList = 4CD8B8551B09EC1700C31508 /* Build configuration list for PBXNativeTarget "Diploma" */;
			buildPhases = (
				4CD8B82B1B09EC1700C31508 /* Sources */,
				4CD8B82C1B09EC1700C31508 /* Frameworks */,
				4CD8B82D1B09EC1700C31508 /* Resources */,
			);
			buildRules = (
			);
			dependencies = (
			);
			name = Diploma;
			productName = Diploma;
			productReference = 4CD8B82F1B09EC1700C31508 /* Diploma.app */;
			productType = "com.apple.product-type.application";
		};
		4CD8B84A1B09EC1700C31508 /* DiplomaTests */ = {
			isa = PBXNativeTarget;
			buildConfigurationList = 4CD8B8581B09EC1700C31508 /* Build configuration list for PBXNativeTarget "DiplomaTests" */;
			buildPhases = (
				4CD8B8471B09EC1700C31508 /* Sources */,
				4CD8B8481B09EC1700C31508 /* Frameworks */,
				4CD8B8491B09EC1700C31508 /* Resources */,
			);
			buildRules = (
			);
			dependencies = (
				4CD8B84D1B09EC1700C31508 /* PBXTargetDependency */,
			);
			name = DiplomaTests;
			productName = DiplomaTests;
			productReference = 4CD8B84B1B09EC1700C31508 /* DiplomaTests.xctest */;
			productType = "com.apple.product-type.bundle.unit-test";
		};
/* End PBXNativeTarget section */

/* Begin PBXProject section */
		4CD8B8271B09EC1700C31508 /* Project object */ = {
			isa = PBXProject;
			attributes = {
				LastUpgradeCheck = 0620;
				ORGANIZATIONNAME = Maria;
				TargetAttributes = {
					4CD8B82E1B09EC1700C31508 = {
						CreatedOnToolsVersion = 6.2;
					};
					4CD8B84A1B09EC1700C31508 = {
						CreatedOnToolsVersion = 6.2;
						TestTargetID = 4CD8B82E1B09EC1700C31508;
					};
				};
			};
			buildConfigurationList = 4CD8B82A1B09EC1700C31508 /* Build configuration list for PBXProject "Diploma" */;
			compatibilityVersion = "Xcode 3.2";
			developmentRegion = English;
			hasScannedForEncodings = 0;
			knownRegions = (
				en,
				Base,
			);
			mainGroup = 4CD8B8261B09EC1700C31508;
			productRefGroup = 4CD8B8301B09EC1700C31508 /* Products */;
			projectDirPath = "";
			projectRoot = "";
			targets = (
				4CD8B82E1B09EC1700C31508 /* Diploma */,
				4CD8B84A1B09EC1700C31508 /* DiplomaTests */,
			);
		};
/* End PBXProject section */

/* Begin PBXResourcesBuildPhase section */
		4CD8B82D1B09EC1700C31508 /* Resources */ = {
			isa = PBXResourcesBuildPhase;
			buildActionMask = 2147483647;
			files = (
				4CD8B8411B09EC1700C31508 /* Main.storyboard in Resources */,
				4CD8B8461B09EC1700C31508 /* LaunchScreen.xib in Resources */,
				4CD8B8431B09EC1700C31508 /* Images.xcassets in Resources */,
			);
			runOnlyForDeploymentPostprocessing = 0;
		};
		4CD8B8491B09EC1700C31508 /* Resources */ = {
			isa = PBXResourcesBuildPhase;
			buildActionMask = 2147483647;
			files = (
			);
			runOnlyForDeploymentPostprocessing = 0;
		};
/* End PBXResourcesBuildPhase section */

/* Begin PBXSourcesBuildPhase section */
		4CD8B82B1B09EC1700C31508 /* Sources */ = {
			isa = PBXSourcesBuildPhase;
			buildActionMask = 2147483647;
			files = (
				4CD8B8381B09EC1700C31508 /* AppDelegate.m in Sources */,
				4CD8B8351B09EC1700C31508 /* main.m in Sources */,
				4CD8B83E1B09EC1700C31508 /* ViewController.m in Sources */,
				4CD8B83B1B09EC1700C31508 /* Diploma.xcdatamodeld in Sources */,
			);
			runOnlyForDeploymentPostprocessing = 0;
		};
		4CD8B8471B09EC1700C31508 /* Sources */ = {
			isa = PBXSourcesBuildPhase;
			buildActionMask = 2147483647;
			files = (
				4CD8B8521B09EC1700C31508 /* DiplomaTests.m in Sources */,
			);
			runOnlyForDeploymentPostprocessing = 0;
		};
/* End PBXSourcesBuildPhase section */

/* Begin PBXTargetDependency section */
		4CD8B84D1B09EC1700C31508 /* PBXTargetDependency */ = {
			isa = PBXTargetDependency;
			target = 4CD8B82E1B09EC1700C31508 /* Diploma */;
			targetProxy = 4CD8B84C1B09EC1700C31508 /* PBXContainerItemProxy */;
		};
/* End PBXTargetDependency section */

/* Begin PBXVariantGroup section */
		4CD8B83F1B09EC1700C31508 /* Main.storyboard */ = {
			isa = PBXVariantGroup;
			children = (
				4CD8B8401B09EC1700C31508 /* Base */,
			);
			name = Main.storyboard;
			sourceTree = "<group>";
		};
		4CD8B8441B09EC1700C31508 /* LaunchScreen.xib */ = {
			isa = PBXVariantGroup;
			children = (
				4CD8B8451B09EC1700C31508 /* Base */,
			);
			name = LaunchScreen.xib;
			sourceTree = "<group>";
		};
/* End PBXVariantGroup section */

/* Begin XCBuildConfiguration section */
		4CD8B8531B09EC1700C31508 /* Debug */ = {
			isa = XCBuildConfiguration;
			buildSettings = {
				ALWAYS_SEARCH_USER_PATHS = NO;
				CLANG_CXX_LANGUAGE_STANDARD = "gnu++0x";
				CLANG_CXX_LIBRARY = "libc++";
				CLANG_ENABLE_MODULES = YES;
				CLANG_ENABLE_OBJC_ARC = YES;
				CLANG_WARN_BOOL_CONVERSION = YES;
				CLANG_WARN_CONSTANT_CONVERSION = YES;
				CLANG_WARN_DIRECT_OBJC_ISA_USAGE = YES_ERROR;
				CLANG_WARN_EMPTY_BODY = YES;
				CLANG_WARN_ENUM_CONVERSION = YES;
				CLANG_WARN_INT_CONVERSION = YES;
				CLANG_WARN_OBJC_ROOT_CLASS = YES_ERROR;
				CLANG_WARN_UNREACHABLE_CODE = YES;
				CLANG_WARN__DUPLICATE_METHOD_MATCH = YES;
				"CODE_SIGN_IDENTITY[sdk=iphoneos*]" = "iPhone Developer";
				COPY_PHASE_STRIP = NO;
				ENABLE_STRICT_OBJC_MSGSEND = YES;
				GCC_C_LANGUAGE_STANDARD = gnu99;
				GCC_DYNAMIC_NO_PIC = NO;
				GCC_OPTIMIZATION_LEVEL = 0;
				GCC_PREPROCESSOR_DEFINITIONS = (
					"DEBUG=1",
					"$(inherited)",
				);
				GCC_SYMBOLS_PRIVATE_EXTERN = NO;
				GCC_WARN_64_TO_32_BIT_CONVERSION = YES;
				GCC_WARN_ABOUT_RETURN_TYPE = YES_ERROR;
				GCC_WARN_UNDECLARED_SELECTOR = YES;
				GCC_WARN_UNINITIALIZED_AUTOS = YES_AGGRESSIVE;
				GCC_WARN_UNUSED_FUNCTION = YES;
				GCC_WARN_UNUSED_VARIABLE = YES;
				IPHONEOS_DEPLOYMENT_TARGET = 8.2;
				MTL_ENABLE_DEBUG_INFO = YES;
				ONLY_ACTIVE_ARCH = YES;
				SDKROOT = iphoneos;
				TARGETED_DEVICE_FAMILY = "1,2";
			};
			name = Debug;
		};
		4CD8B8541B09EC1700C31508 /* Release */ = {
			isa = XCBuildConfiguration;
			buildSettings = {
				ALWAYS_SEARCH_USER_PATHS = NO;
				CLANG_CXX_LANGUAGE_STANDARD = "gnu++0x";
				CLANG_CXX_LIBRARY = "libc++";
				CLANG_ENABLE_MODULES = YES;
				CLANG_ENABLE_OBJC_ARC = YES;
				CLANG_WARN_BOOL_CONVERSION = YES;
				CLANG_WARN_CONSTANT_CONVERSION = YES;
				CLANG_WARN_DIRECT_OBJC_ISA_USAGE = YES_ERROR;
				CLANG_WARN_EMPTY_BODY = YES;
				CLANG_WARN_ENUM_CONVERSION = YES;
				CLANG_WARN_INT_CONVERSION = YES;
				CLANG_WARN_OBJC_ROOT_CLASS = YES_ERROR;
				CLANG_WARN_UNREACHABLE_CODE = YES;
				CLANG_WARN__DUPLICATE_METHOD_MATCH = YES;
				"CODE_SIGN_IDENTITY[sdk=iphoneos*]" = "iPhone Developer";
				COPY_PHASE_STRIP = NO;
				ENABLE_NS_ASSERTIONS = NO;
				ENABLE_STRICT_OBJC_MSGSEND = YES;
				GCC_C_LANGUAGE_STANDARD = gnu99;
				GCC_WARN_64_TO_32_BIT_CONVERSION = YES;
				GCC_WARN_ABOUT_RETURN_TYPE = YES_ERROR;
				GCC_WARN_UNDECLARED_SELECTOR = YES;
				GCC_WARN_UNINITIALIZED_AUTOS = YES_AGGRESSIVE;
				GCC_WARN_UNUSED_FUNCTION = YES;
				GCC_WARN_UNUSED_VARIABLE = YES;
				IPHONEOS_DEPLOYMENT_TARGET = 8.2;
				MTL_ENABLE_DEBUG_INFO = NO;
				SDKROOT = iphoneos;
				TARGETED_DEVICE_FAMILY = "1,2";
				VALIDATE_PRODUCT = YES;
			};
			name = Release;
		};
		4CD8B8561B09EC1700C31508 /* Debug */ = {
			isa = XCBuildConfiguration;
			buildSettings = {
				ASSETCATALOG_COMPILER_APPICON_NAME = AppIcon;
				INFOPLIST_FILE = Diploma/Info.plist;
				LD_RUNPATH_SEARCH_PATHS = "$(inherited) @executable_path/Frameworks";
				PRODUCT_NAME = "$(TARGET_NAME)";
			};
			name = Debug;
		};
		4CD8B8571B09EC1700C31508 /* Release */ = {
			isa = XCBuildConfiguration;
			buildSettings = {
				ASSETCATALOG_COMPILER_APPICON_NAME = AppIcon;
				INFOPLIST_FILE = Diploma/Info.plist;
				LD_RUNPATH_SEARCH_PATHS = "$(inherited) @executable_path/Frameworks";
				PRODUCT_NAME = "$(TARGET_NAME)";
			};
			name = Release;
		};
		4CD8B8591B09EC1700C31508 /* Debug */ = {
			isa = XCBuildConfiguration;
			buildSettings = {
				BUNDLE_LOADER = "$(TEST_HOST)";
				FRAMEWORK_SEARCH_PATHS = (
					"$(SDKROOT)/Developer/Library/Frameworks",
					"$(inherited)",
				);
				GCC_PREPROCESSOR_DEFINITIONS = (
					"DEBUG=1",
					"$(inherited)",
				);
				INFOPLIST_FILE = DiplomaTests/Info.plist;
				LD_RUNPATH_SEARCH_PATHS = "$(inherited) @executable_path/Frameworks @loader_path/Frameworks";
				PRODUCT_NAME = "$(TARGET_NAME)";
				TEST_HOST = "$(BUILT_PRODUCTS_DIR)/Diploma.app/Diploma";
			};
			name = Debug;
		};
		4CD8B85A1B09EC1700C31508 /* Release */ = {
			isa = XCBuildConfiguration;
			buildSettings = {
				BUNDLE_LOADER = "$(TEST_HOST)";
				FRAMEWORK_SEARCH_PATHS = (
					"$(SDKROOT)/Developer/Library/Frameworks",
					"$(inherited)",
				);
				INFOPLIST_FILE = DiplomaTests/Info.plist;
				LD_RUNPATH_SEARCH_PATHS = "$(inherited) @executable_path/Frameworks @loader_path/Frameworks";
				PRODUCT_NAME = "$(TARGET_NAME)";
				TEST_HOST = "$(BUILT_PRODUCTS_DIR)/Diploma.app/Diploma";
			};
			name = Release;
		};
/* End XCBuildConfiguration section */

/* Begin XCConfigurationList section */
		4CD8B82A1B09EC1700C31508 /* Build configuration list for PBXProject "Diploma" */ = {
			isa = XCConfigurationList;
			buildConfigurations = (
				4CD8B8531B09EC1700C31508 /* Debug */,
				4CD8B8541B09EC1700C31508 /* Release */,
			);
			defaultConfigurationIsVisible = 0;
			defaultConfigurationName = Release;
		};
		4CD8B8551B09EC1700C31508 /* Build configuration list for PBXNativeTarget "Diploma" */ = {
			isa = XCConfigurationList;
			buildConfigurations = (
				4CD8B8561B09EC1700C31508 /* Debug */,
				4CD8B8571B09EC1700C31508 /* Release */,
			);
			defaultConfigurationIsVisible = 0;
		};
		4CD8B8581B09EC1700C31508 /* Build configuration list for PBXNativeTarget "DiplomaTests" */ = {
			isa = XCConfigurationList;
			buildConfigurations = (
				4CD8B8591B09EC1700C31508 /* Debug */,
				4CD8B85A1B09EC1700C31508 /* Release */,
			);
			defaultConfigurationIsVisible = 0;
		};
/* End XCConfigurationList section */

/* Begin XCVersionGroup section */
		4CD8B8391B09EC1700C31508 /* Diploma.xcdatamodeld */ = {
			isa = XCVersionGroup;
			children = (
				4CD8B83A1B09EC1700C31508 /* Diploma.xcdatamodel */,
			);
			currentVersion = 4CD8B83A1B09EC1700C31508 /* Diploma.xcdatamodel */;
			path = Diploma.xcdatamodeld;
			sourceTree = "<group>";
			versionGroupType = wrapper.xcdatamodel;
		};
/* End XCVersionGroup section */
	};
	rootObject = 4CD8B8271B09EC1700C31508 /* Project object */;
}
